
Microsoft Visual Studio Solution File, Format Version 12.00
# Visual Studio Version 17
VisualStudioVersion = 17.13.35913.81 d17.13
MinimumVisualStudioVersion = 10.0.40219.1
Project("{FAE04EC0-301F-11D3-BF4B-00C04F79EFBC}") = "SummitApi", "SummitApi\SummitApi.csproj", "{0F2B1AE7-CAE0-4924-9539-4F5B140D1137}"
EndProject
Project("{FAE04EC0-301F-11D3-BF4B-00C04F79EFBC}") = "User.Api.Core", "User.Api.Core\User.Api.Core.csproj", "{8816AAC7-692D-4B94-B16F-0A9090F44A26}"
EndProject
Global
	GlobalSection(SolutionConfigurationPlatforms) = preSolution
		Debug|Any CPU = Debug|Any CPU
		Release|Any CPU = Release|Any CPU
	EndGlobalSection
	GlobalSection(ProjectConfigurationPlatforms) = postSolution
		{0F2B1AE7-CAE0-4924-9539-4F5B140D1137}.Debug|Any CPU.ActiveCfg = Debug|Any CPU
		{0F2B1AE7-CAE0-4924-9539-4F5B140D1137}.Debug|Any CPU.Build.0 = Debug|Any CPU
		{0F2B1AE7-CAE0-4924-9539-4F5B140D1137}.Release|Any CPU.ActiveCfg = Release|Any CPU
		{0F2B1AE7-CAE0-4924-9539-4F5B140D1137}.Release|Any CPU.Build.0 = Release|Any CPU
		{8816AAC7-692D-4B94-B16F-0A9090F44A26}.Debug|Any CPU.ActiveCfg = Debug|Any CPU
		{8816AAC7-692D-4B94-B16F-0A9090F44A26}.Debug|Any CPU.Build.0 = Debug|Any CPU
		{8816AAC7-692D-4B94-B16F-0A9090F44A26}.Release|Any CPU.ActiveCfg = Release|Any CPU
		{8816AAC7-692D-4B94-B16F-0A9090F44A26}.Release|Any CPU.Build.0 = Release|Any CPU
	EndGlobalSection
	GlobalSection(SolutionProperties) = preSolution
		HideSolutionNode = FALSE
	EndGlobalSection
	GlobalSection(ExtensibilityGlobals) = postSolution
		SolutionGuid = {BBBFCAE5-5BD9-45BE-9CF6-2AAB9682FF9E}
	EndGlobalSection
EndGlobal
